
Microsoft Visual Studio Solution File, Format Version 12.00
# Visual Studio 14
VisualStudioVersion = 14.0.24720.0
MinimumVisualStudioVersion = 10.0.40219.1
Project("{D954291E-2A0B-460D-934E-DC6B0785DB48}") = "DESign_BASE", "DESign_BASE\DESign_BASE.shproj", "{38C14CE8-AFE9-4742-8FA6-1FE2E6444B91}"
EndProject
Global
	GlobalSection(SharedMSBuildProjectFiles) = preSolution
		DESign_BASE\DESign_BASE.projitems*{38c14ce8-afe9-4742-8fa6-1fe2e6444b91}*SharedItemsImports = 13
	EndGlobalSection
	GlobalSection(SolutionProperties) = preSolution
		HideSolutionNode = FALSE
	EndGlobalSection
EndGlobal
