
Microsoft Visual Studio Solution File, Format Version 12.00
# Visual Studio Version 16
VisualStudioVersion = 16.0.31205.134
MinimumVisualStudioVersion = 10.0.40219.1
Project("{FAE04EC0-301F-11D3-BF4B-00C04F79EFBC}") = "DESign_Excel_Add-In", "DESign_Excel_Add-In\DESign_Excel_Add-In.csproj", "{A6098497-F3E8-41CD-931D-7F9CEBF2469F}"
EndProject
Global
	GlobalSection(SolutionConfigurationPlatforms) = preSolution
		Debug|Any CPU = Debug|Any CPU
		Release|Any CPU = Release|Any CPU
	EndGlobalSection
	GlobalSection(ProjectConfigurationPlatforms) = postSolution
		{A6098497-F3E8-41CD-931D-7F9CEBF2469F}.Debug|Any CPU.ActiveCfg = Debug|Any CPU
		{A6098497-F3E8-41CD-931D-7F9CEBF2469F}.Debug|Any CPU.Build.0 = Debug|Any CPU
		{A6098497-F3E8-41CD-931D-7F9CEBF2469F}.Release|Any CPU.ActiveCfg = Release|Any CPU
		{A6098497-F3E8-41CD-931D-7F9CEBF2469F}.Release|Any CPU.Build.0 = Release|Any CPU
	EndGlobalSection
	GlobalSection(SolutionProperties) = preSolution
		HideSolutionNode = FALSE
	EndGlobalSection
	GlobalSection(ExtensibilityGlobals) = postSolution
		SolutionGuid = {090E65DB-6E40-4DDA-8016-F0BB09359A2B}
	EndGlobalSection
EndGlobal
