
Microsoft Visual Studio Solution File, Format Version 12.00
# Visual Studio 14
VisualStudioVersion = 14.0.24720.0
MinimumVisualStudioVersion = 10.0.40219.1
Project("{FAE04EC0-301F-11D3-BF4B-00C04F79EFBC}") = "DESign_Sales_Excel_Add-in", "DESign_Sales_Excel_Add-in\DESign_Sales_Excel_Add-in.csproj", "{D7C69649-8023-4DB4-BF35-8E2CC36CDF15}"
EndProject
Global
	GlobalSection(SharedMSBuildProjectFiles) = preSolution
		..\DESign_BASE\DESign_BASE\DESign_BASE.projitems*{d7c69649-8023-4db4-bf35-8e2cc36cdf15}*SharedItemsImports = 4
	EndGlobalSection
	GlobalSection(SolutionConfigurationPlatforms) = preSolution
		Debug|Any CPU = Debug|Any CPU
		Release|Any CPU = Release|Any CPU
	EndGlobalSection
	GlobalSection(ProjectConfigurationPlatforms) = postSolution
		{D7C69649-8023-4DB4-BF35-8E2CC36CDF15}.Debug|Any CPU.ActiveCfg = Debug|Any CPU
		{D7C69649-8023-4DB4-BF35-8E2CC36CDF15}.Debug|Any CPU.Build.0 = Debug|Any CPU
		{D7C69649-8023-4DB4-BF35-8E2CC36CDF15}.Release|Any CPU.ActiveCfg = Release|Any CPU
		{D7C69649-8023-4DB4-BF35-8E2CC36CDF15}.Release|Any CPU.Build.0 = Release|Any CPU
	EndGlobalSection
	GlobalSection(SolutionProperties) = preSolution
		HideSolutionNode = FALSE
	EndGlobalSection
EndGlobal
