
Microsoft Visual Studio Solution File, Format Version 12.00
# Visual Studio Version 16
VisualStudioVersion = 16.0.28407.52
MinimumVisualStudioVersion = 10.0.40219.1
Project("{FAE04EC0-301F-11D3-BF4B-00C04F79EFBC}") = "AutoDESign", "AutoDESign\AutoDESign.csproj", "{97883FA3-A874-4030-A594-43EEB4C9F64D}"
EndProject
Global
	GlobalSection(SolutionConfigurationPlatforms) = preSolution
		Debug|Any CPU = Debug|Any CPU
		Release|Any CPU = Release|Any CPU
	EndGlobalSection
	GlobalSection(ProjectConfigurationPlatforms) = postSolution
		{97883FA3-A874-4030-A594-43EEB4C9F64D}.Debug|Any CPU.ActiveCfg = Debug|Any CPU
		{97883FA3-A874-4030-A594-43EEB4C9F64D}.Debug|Any CPU.Build.0 = Debug|Any CPU
		{97883FA3-A874-4030-A594-43EEB4C9F64D}.Release|Any CPU.ActiveCfg = Release|Any CPU
		{97883FA3-A874-4030-A594-43EEB4C9F64D}.Release|Any CPU.Build.0 = Release|Any CPU
	EndGlobalSection
	GlobalSection(SolutionProperties) = preSolution
		HideSolutionNode = FALSE
	EndGlobalSection
	GlobalSection(ExtensibilityGlobals) = postSolution
		SolutionGuid = {C6DF3A6A-3715-4573-B342-A023075B6342}
	EndGlobalSection
EndGlobal
